
Microsoft Visual Studio Solution File, Format Version 12.00
# Visual Studio Version 17
VisualStudioVersion = 17.4.33205.214
MinimumVisualStudioVersion = 10.0.40219.1
Project("{9A19103F-16F7-4668-BE54-9A1E7A4F7556}") = "NP Archives", "NP Archives\NP Archives.csproj", "{D48AA315-2708-44A9-B1E0-59724ED3E7FE}"
EndProject
Project("{54435603-DBB4-11D2-8724-00A0C9A8B90C}") = "NP Archives Setup", "NP Archives Sedup\NP Archives Sedup.vdproj", "{9B959492-C418-4A45-8A15-4535A6A27D0B}"
EndProject
Global
	GlobalSection(SolutionConfigurationPlatforms) = preSolution
		Debug|Any CPU = Debug|Any CPU
		Release|Any CPU = Release|Any CPU
	EndGlobalSection
	GlobalSection(ProjectConfigurationPlatforms) = postSolution
		{D48AA315-2708-44A9-B1E0-59724ED3E7FE}.Debug|Any CPU.ActiveCfg = Release|Any CPU
		{D48AA315-2708-44A9-B1E0-59724ED3E7FE}.Debug|Any CPU.Build.0 = Release|Any CPU
		{D48AA315-2708-44A9-B1E0-59724ED3E7FE}.Release|Any CPU.ActiveCfg = Release|Any CPU
		{D48AA315-2708-44A9-B1E0-59724ED3E7FE}.Release|Any CPU.Build.0 = Release|Any CPU
		{9B959492-C418-4A45-8A15-4535A6A27D0B}.Debug|Any CPU.ActiveCfg = Debug
		{9B959492-C418-4A45-8A15-4535A6A27D0B}.Release|Any CPU.ActiveCfg = Release
	EndGlobalSection
	GlobalSection(SolutionProperties) = preSolution
		HideSolutionNode = FALSE
	EndGlobalSection
	GlobalSection(ExtensibilityGlobals) = postSolution
		SolutionGuid = {99007922-54E3-4604-AFFF-0A76C2699E1F}
	EndGlobalSection
EndGlobal
